// !$*UTF8*$!
{
	archiveVersion = 1;
	classes = {
	};
	objectVersion = 50;
	objects = {

/* Begin PBXBuildFile section */
		045E0002212BF794001B7D94 /* CoreMotion.framework in Frameworks */ = {isa = PBXBuildFile; fileRef = 045E0001212BF794001B7D94 /* CoreMotion.framework */; };
		045E0004212BF7A9001B7D94 /* CoreLocation.framework in Frameworks */ = {isa = PBXBuildFile; fileRef = 045E0003212BF7A9001B7D94 /* CoreLocation.framework */; };
		045E0006212BFA68001B7D94 /* UIKit.framework in Frameworks */ = {isa = PBXBuildFile; fileRef = 045E0005212BFA68001B7D94 /* UIKit.framework */; };
		045E0008212BFF73001B7D94 /* MobileCoreServices.framework in Frameworks */ = {isa = PBXBuildFile; fileRef = 045E0007212BFF73001B7D94 /* MobileCoreServices.framework */; };
		045EFFEC212BF489001B7D94 /* AppDelegate.m in Sources */ = {isa = PBXBuildFile; fileRef = 045EFFEB212BF489001B7D94 /* AppDelegate.m */; };
		045EFFEF212BF489001B7D94 /* ViewController.m in Sources */ = {isa = PBXBuildFile; fileRef = 045EFFEE212BF489001B7D94 /* ViewController.m */; };
		045EFFF2212BF489001B7D94 /* Main.storyboard in Resources */ = {isa = PBXBuildFile; fileRef = 045EFFF0212BF489001B7D94 /* Main.storyboard */; };
		045EFFF4212BF48D001B7D94 /* Assets.xcassets in Resources */ = {isa = PBXBuildFile; fileRef = 045EFFF3212BF48D001B7D94 /* Assets.xcassets */; };
		045EFFF7212BF48D001B7D94 /* LaunchScreen.storyboard in Resources */ = {isa = PBXBuildFile; fileRef = 045EFFF5212BF48D001B7D94 /* LaunchScreen.storyboard */; };
		045EFFFA212BF48D001B7D94 /* main.m in Sources */ = {isa = PBXBuildFile; fileRef = 045EFFF9212BF48D001B7D94 /* main.m */; };
/* End PBXBuildFile section */

/* Begin PBXFileReference section */
		045E0001212BF794001B7D94 /* CoreMotion.framework */ = {isa = PBXFileReference; lastKnownFileType = wrapper.framework; name = CoreMotion.framework; path = System/Library/Frameworks/CoreMotion.framework; sourceTree = SDKROOT; };
		045E0003212BF7A9001B7D94 /* CoreLocation.framework */ = {isa = PBXFileReference; lastKnownFileType = wrapper.framework; name = CoreLocation.framework; path = System/Library/Frameworks/CoreLocation.framework; sourceTree = SDKROOT; };
		045E0005212BFA68001B7D94 /* UIKit.framework */ = {isa = PBXFileReference; lastKnownFileType = wrapper.framework; name = UIKit.framework; path = System/Library/Frameworks/UIKit.framework; sourceTree = SDKROOT; };
		045E0007212BFF73001B7D94 /* MobileCoreServices.framework */ = {isa = PBXFileReference; lastKnownFileType = wrapper.framework; name = MobileCoreServices.framework; path = System/Library/Frameworks/MobileCoreServices.framework; sourceTree = SDKROOT; };
		045EFFE7212BF489001B7D94 /* cam_imu_gps_LOGGER.app */ = {isa = PBXFileReference; explicitFileType = wrapper.application; includeInIndex = 0; path = cam_imu_gps_LOGGER.app; sourceTree = BUILT_PRODUCTS_DIR; };
		045EFFEA212BF489001B7D94 /* AppDelegate.h */ = {isa = PBXFileReference; lastKnownFileType = sourcecode.c.h; path = AppDelegate.h; sourceTree = "<group>"; };
		045EFFEB212BF489001B7D94 /* AppDelegate.m */ = {isa = PBXFileReference; lastKnownFileType = sourcecode.c.objc; path = AppDelegate.m; sourceTree = "<group>"; };
		045EFFED212BF489001B7D94 /* ViewController.h */ = {isa = PBXFileReference; lastKnownFileType = sourcecode.c.h; path = ViewController.h; sourceTree = "<group>"; };
		045EFFEE212BF489001B7D94 /* ViewController.m */ = {isa = PBXFileReference; lastKnownFileType = sourcecode.c.objc; path = ViewController.m; sourceTree = "<group>"; };
		045EFFF1212BF489001B7D94 /* Base */ = {isa = PBXFileReference; lastKnownFileType = file.storyboard; name = Base; path = Base.lproj/Main.storyboard; sourceTree = "<group>"; };
		045EFFF3212BF48D001B7D94 /* Assets.xcassets */ = {isa = PBXFileReference; lastKnownFileType = folder.assetcatalog; path = Assets.xcassets; sourceTree = "<group>"; };
		045EFFF6212BF48D001B7D94 /* Base */ = {isa = PBXFileReference; lastKnownFileType = file.storyboard; name = Base; path = Base.lproj/LaunchScreen.storyboard; sourceTree = "<group>"; };
		045EFFF8212BF48D001B7D94 /* Info.plist */ = {isa = PBXFileReference; lastKnownFileType = text.plist.xml; path = Info.plist; sourceTree = "<group>"; };
		045EFFF9212BF48D001B7D94 /* main.m */ = {isa = PBXFileReference; lastKnownFileType = sourcecode.c.objc; path = main.m; sourceTree = "<group>"; };
/* End PBXFileReference section */

/* Begin PBXFrameworksBuildPhase section */
		045EFFE4212BF489001B7D94 /* Frameworks */ = {
			isa = PBXFrameworksBuildPhase;
			buildActionMask = 2147483647;
			files = (
				045E0008212BFF73001B7D94 /* MobileCoreServices.framework in Frameworks */,
				045E0006212BFA68001B7D94 /* UIKit.framework in Frameworks */,
				045E0004212BF7A9001B7D94 /* CoreLocation.framework in Frameworks */,
				045E0002212BF794001B7D94 /* CoreMotion.framework in Frameworks */,
			);
			runOnlyForDeploymentPostprocessing = 0;
		};
/* End PBXFrameworksBuildPhase section */

/* Begin PBXGroup section */
		045E0000212BF793001B7D94 /* Frameworks */ = {
			isa = PBXGroup;
			children = (
				045E0007212BFF73001B7D94 /* MobileCoreServices.framework */,
				045E0005212BFA68001B7D94 /* UIKit.framework */,
				045E0003212BF7A9001B7D94 /* CoreLocation.framework */,
				045E0001212BF794001B7D94 /* CoreMotion.framework */,
			);
			name = Frameworks;
			sourceTree = "<group>";
		};
		045EFFDE212BF489001B7D94 = {
			isa = PBXGroup;
			children = (
				045EFFE9212BF489001B7D94 /* cam_imu_gps_LOGGER */,
				045EFFE8212BF489001B7D94 /* Products */,
				045E0000212BF793001B7D94 /* Frameworks */,
			);
			sourceTree = "<group>";
		};
		045EFFE8212BF489001B7D94 /* Products */ = {
			isa = PBXGroup;
			children = (
				045EFFE7212BF489001B7D94 /* cam_imu_gps_LOGGER.app */,
			);
			name = Products;
			sourceTree = "<group>";
		};
		045EFFE9212BF489001B7D94 /* cam_imu_gps_LOGGER */ = {
			isa = PBXGroup;
			children = (
				045EFFEA212BF489001B7D94 /* AppDelegate.h */,
				045EFFEB212BF489001B7D94 /* AppDelegate.m */,
				045EFFED212BF489001B7D94 /* ViewController.h */,
				045EFFEE212BF489001B7D94 /* ViewController.m */,
				045EFFF0212BF489001B7D94 /* Main.storyboard */,
				045EFFF3212BF48D001B7D94 /* Assets.xcassets */,
				045EFFF5212BF48D001B7D94 /* LaunchScreen.storyboard */,
				045EFFF8212BF48D001B7D94 /* Info.plist */,
				045EFFF9212BF48D001B7D94 /* main.m */,
			);
			path = cam_imu_gps_LOGGER;
			sourceTree = "<group>";
		};
/* End PBXGroup section */

/* Begin PBXNativeTarget section */
		045EFFE6212BF489001B7D94 /* cam_imu_gps_LOGGER */ = {
			isa = PBXNativeTarget;
			buildConfigurationList = 045EFFFD212BF48D001B7D94 /* Build configuration list for PBXNativeTarget "cam_imu_gps_LOGGER" */;
			buildPhases = (
				045EFFE3212BF489001B7D94 /* Sources */,
				045EFFE4212BF489001B7D94 /* Frameworks */,
				045EFFE5212BF489001B7D94 /* Resources */,
			);
			buildRules = (
			);
			dependencies = (
			);
			name = cam_imu_gps_LOGGER;
			productName = cam_imu_gps_LOGGER;
			productReference = 045EFFE7212BF489001B7D94 /* cam_imu_gps_LOGGER.app */;
			productType = "com.apple.product-type.application";
		};
/* End PBXNativeTarget section */

/* Begin PBXProject section */
		045EFFDF212BF489001B7D94 /* Project object */ = {
			isa = PBXProject;
			attributes = {
				LastUpgradeCheck = 0940;
				ORGANIZATIONNAME = Mac;
				TargetAttributes = {
					045EFFE6212BF489001B7D94 = {
						CreatedOnToolsVersion = 9.4.1;
					};
				};
			};
			buildConfigurationList = 045EFFE2212BF489001B7D94 /* Build configuration list for PBXProject "cam_imu_gps_LOGGER" */;
			compatibilityVersion = "Xcode 9.3";
			developmentRegion = en;
			hasScannedForEncodings = 0;
			knownRegions = (
				en,
				Base,
			);
			mainGroup = 045EFFDE212BF489001B7D94;
			productRefGroup = 045EFFE8212BF489001B7D94 /* Products */;
			projectDirPath = "";
			projectRoot = "";
			targets = (
				045EFFE6212BF489001B7D94 /* cam_imu_gps_LOGGER */,
			);
		};
/* End PBXProject section */

/* Begin PBXResourcesBuildPhase section */
		045EFFE5212BF489001B7D94 /* Resources */ = {
			isa = PBXResourcesBuildPhase;
			buildActionMask = 2147483647;
			files = (
				045EFFF7212BF48D001B7D94 /* LaunchScreen.storyboard in Resources */,
				045EFFF4212BF48D001B7D94 /* Assets.xcassets in Resources */,
				045EFFF2212BF489001B7D94 /* Main.storyboard in Resources */,
			);
			runOnlyForDeploymentPostprocessing = 0;
		};
/* End PBXResourcesBuildPhase section */

/* Begin PBXSourcesBuildPhase section */
		045EFFE3212BF489001B7D94 /* Sources */ = {
			isa = PBXSourcesBuildPhase;
			buildActionMask = 2147483647;
			files = (
				045EFFEF212BF489001B7D94 /* ViewController.m in Sources */,
				045EFFFA212BF48D001B7D94 /* main.m in Sources */,
				045EFFEC212BF489001B7D94 /* AppDelegate.m in Sources */,
			);
			runOnlyForDeploymentPostprocessing = 0;
		};
/* End PBXSourcesBuildPhase section */

/* Begin PBXVariantGroup section */
		045EFFF0212BF489001B7D94 /* Main.storyboard */ = {
			isa = PBXVariantGroup;
			children = (
				045EFFF1212BF489001B7D94 /* Base */,
			);
			name = Main.storyboard;
			sourceTree = "<group>";
		};
		045EFFF5212BF48D001B7D94 /* LaunchScreen.storyboard */ = {
			isa = PBXVariantGroup;
			children = (
				045EFFF6212BF48D001B7D94 /* Base */,
			);
			name = LaunchScreen.storyboard;
			sourceTree = "<group>";
		};
/* End PBXVariantGroup section */

/* Begin XCBuildConfiguration section */
		045EFFFB212BF48D001B7D94 /* Debug */ = {
			isa = XCBuildConfiguration;
			buildSettings = {
				ALWAYS_SEARCH_USER_PATHS = NO;
				CLANG_ANALYZER_NONNULL = YES;
				CLANG_ANALYZER_NUMBER_OBJECT_CONVERSION = YES_AGGRESSIVE;
				CLANG_CXX_LANGUAGE_STANDARD = "gnu++14";
				CLANG_CXX_LIBRARY = "libc++";
				CLANG_ENABLE_MODULES = YES;
				CLANG_ENABLE_OBJC_ARC = YES;
				CLANG_ENABLE_OBJC_WEAK = YES;
				CLANG_WARN_BLOCK_CAPTURE_AUTORELEASING = YES;
				CLANG_WARN_BOOL_CONVERSION = YES;
				CLANG_WARN_COMMA = YES;
				CLANG_WARN_CONSTANT_CONVERSION = YES;
				CLANG_WARN_DEPRECATED_OBJC_IMPLEMENTATIONS = YES;
				CLANG_WARN_DIRECT_OBJC_ISA_USAGE = YES_ERROR;
				CLANG_WARN_DOCUMENTATION_COMMENTS = YES;
				CLANG_WARN_EMPTY_BODY = YES;
				CLANG_WARN_ENUM_CONVERSION = YES;
				CLANG_WARN_INFINITE_RECURSION = YES;
				CLANG_WARN_INT_CONVERSION = YES;
				CLANG_WARN_NON_LITERAL_NULL_CONVERSION = YES;
				CLANG_WARN_OBJC_IMPLICIT_RETAIN_SELF = YES;
				CLANG_WARN_OBJC_LITERAL_CONVERSION = YES;
				CLANG_WARN_OBJC_ROOT_CLASS = YES_ERROR;
				CLANG_WARN_RANGE_LOOP_ANALYSIS = YES;
				CLANG_WARN_STRICT_PROTOTYPES = YES;
				CLANG_WARN_SUSPICIOUS_MOVE = YES;
				CLANG_WARN_UNGUARDED_AVAILABILITY = YES_AGGRESSIVE;
				CLANG_WARN_UNREACHABLE_CODE = YES;
				CLANG_WARN__DUPLICATE_METHOD_MATCH = YES;
				CODE_SIGN_IDENTITY = "iPhone Developer";
				COPY_PHASE_STRIP = NO;
				DEBUG_INFORMATION_FORMAT = dwarf;
				ENABLE_STRICT_OBJC_MSGSEND = YES;
				ENABLE_TESTABILITY = YES;
				GCC_C_LANGUAGE_STANDARD = gnu11;
				GCC_DYNAMIC_NO_PIC = NO;
				GCC_NO_COMMON_BLOCKS = YES;
				GCC_OPTIMIZATION_LEVEL = 0;
				GCC_PREPROCESSOR_DEFINITIONS = (
					"DEBUG=1",
					"$(inherited)",
				);
				GCC_WARN_64_TO_32_BIT_CONVERSION = YES;
				GCC_WARN_ABOUT_RETURN_TYPE = YES_ERROR;
				GCC_WARN_UNDECLARED_SELECTOR = YES;
				GCC_WARN_UNINITIALIZED_AUTOS = YES_AGGRESSIVE;
				GCC_WARN_UNUSED_FUNCTION = YES;
				GCC_WARN_UNUSED_VARIABLE = YES;
				IPHONEOS_DEPLOYMENT_TARGET = 11.4;
				MTL_ENABLE_DEBUG_INFO = YES;
				ONLY_ACTIVE_ARCH = YES;
				SDKROOT = iphoneos;
			};
			name = Debug;
		};
		045EFFFC212BF48D001B7D94 /* Release */ = {
			isa = XCBuildConfiguration;
			buildSettings = {
				ALWAYS_SEARCH_USER_PATHS = NO;
				CLANG_ANALYZER_NONNULL = YES;
				CLANG_ANALYZER_NUMBER_OBJECT_CONVERSION = YES_AGGRESSIVE;
				CLANG_CXX_LANGUAGE_STANDARD = "gnu++14";
				CLANG_CXX_LIBRARY = "libc++";
				CLANG_ENABLE_MODULES = YES;
				CLANG_ENABLE_OBJC_ARC = YES;
				CLANG_ENABLE_OBJC_WEAK = YES;
				CLANG_WARN_BLOCK_CAPTURE_AUTORELEASING = YES;
				CLANG_WARN_BOOL_CONVERSION = YES;
				CLANG_WARN_COMMA = YES;
				CLANG_WARN_CONSTANT_CONVERSION = YES;
				CLANG_WARN_DEPRECATED_OBJC_IMPLEMENTATIONS = YES;
				CLANG_WARN_DIRECT_OBJC_ISA_USAGE = YES_ERROR;
				CLANG_WARN_DOCUMENTATION_COMMENTS = YES;
				CLANG_WARN_EMPTY_BODY = YES;
				CLANG_WARN_ENUM_CONVERSION = YES;
				CLANG_WARN_INFINITE_RECURSION = YES;
				CLANG_WARN_INT_CONVERSION = YES;
				CLANG_WARN_NON_LITERAL_NULL_CONVERSION = YES;
				CLANG_WARN_OBJC_IMPLICIT_RETAIN_SELF = YES;
				CLANG_WARN_OBJC_LITERAL_CONVERSION = YES;
				CLANG_WARN_OBJC_ROOT_CLASS = YES_ERROR;
				CLANG_WARN_RANGE_LOOP_ANALYSIS = YES;
				CLANG_WARN_STRICT_PROTOTYPES = YES;
				CLANG_WARN_SUSPICIOUS_MOVE = YES;
				CLANG_WARN_UNGUARDED_AVAILABILITY = YES_AGGRESSIVE;
				CLANG_WARN_UNREACHABLE_CODE = YES;
				CLANG_WARN__DUPLICATE_METHOD_MATCH = YES;
				CODE_SIGN_IDENTITY = "iPhone Developer";
				COPY_PHASE_STRIP = NO;
				DEBUG_INFORMATION_FORMAT = "dwarf-with-dsym";
				ENABLE_NS_ASSERTIONS = NO;
				ENABLE_STRICT_OBJC_MSGSEND = YES;
				GCC_C_LANGUAGE_STANDARD = gnu11;
				GCC_NO_COMMON_BLOCKS = YES;
				GCC_WARN_64_TO_32_BIT_CONVERSION = YES;
				GCC_WARN_ABOUT_RETURN_TYPE = YES_ERROR;
				GCC_WARN_UNDECLARED_SELECTOR = YES;
				GCC_WARN_UNINITIALIZED_AUTOS = YES_AGGRESSIVE;
				GCC_WARN_UNUSED_FUNCTION = YES;
				GCC_WARN_UNUSED_VARIABLE = YES;
				IPHONEOS_DEPLOYMENT_TARGET = 11.4;
				MTL_ENABLE_DEBUG_INFO = NO;
				SDKROOT = iphoneos;
				VALIDATE_PRODUCT = YES;
			};
			name = Release;
		};
		045EFFFE212BF48D001B7D94 /* Debug */ = {
			isa = XCBuildConfiguration;
			buildSettings = {
				ASSETCATALOG_COMPILER_APPICON_NAME = AppIcon;
				CODE_SIGN_STYLE = Automatic;
				DEVELOPMENT_TEAM = JMY94H4YGC;
				INFOPLIST_FILE = cam_imu_gps_LOGGER/Info.plist;
				LD_RUNPATH_SEARCH_PATHS = (
					"$(inherited)",
					"@executable_path/Frameworks",
				);
				PRODUCT_BUNDLE_IDENTIFIER = "idn.cam-imu-gps-LOGGER";
				PRODUCT_NAME = "$(TARGET_NAME)";
				TARGETED_DEVICE_FAMILY = "1,2";
			};
			name = Debug;
		};
		045EFFFF212BF48D001B7D94 /* Release */ = {
			isa = XCBuildConfiguration;
			buildSettings = {
				ASSETCATALOG_COMPILER_APPICON_NAME = AppIcon;
				CODE_SIGN_STYLE = Automatic;
				DEVELOPMENT_TEAM = JMY94H4YGC;
				INFOPLIST_FILE = cam_imu_gps_LOGGER/Info.plist;
				LD_RUNPATH_SEARCH_PATHS = (
					"$(inherited)",
					"@executable_path/Frameworks",
				);
				PRODUCT_BUNDLE_IDENTIFIER = "idn.cam-imu-gps-LOGGER";
				PRODUCT_NAME = "$(TARGET_NAME)";
				TARGETED_DEVICE_FAMILY = "1,2";
			};
			name = Release;
		};
/* End XCBuildConfiguration section */

/* Begin XCConfigurationList section */
		045EFFE2212BF489001B7D94 /* Build configuration list for PBXProject "cam_imu_gps_LOGGER" */ = {
			isa = XCConfigurationList;
			buildConfigurations = (
				045EFFFB212BF48D001B7D94 /* Debug */,
				045EFFFC212BF48D001B7D94 /* Release */,
			);
			defaultConfigurationIsVisible = 0;
			defaultConfigurationName = Release;
		};
		045EFFFD212BF48D001B7D94 /* Build configuration list for PBXNativeTarget "cam_imu_gps_LOGGER" */ = {
			isa = XCConfigurationList;
			buildConfigurations = (
				045EFFFE212BF48D001B7D94 /* Debug */,
				045EFFFF212BF48D001B7D94 /* Release */,
			);
			defaultConfigurationIsVisible = 0;
			defaultConfigurationName = Release;
		};
/* End XCConfigurationList section */
	};
	rootObject = 045EFFDF212BF489001B7D94 /* Project object */;
}
